lockfile_version: "1"
apm_version: 0.30.0
dependencies:
  - repo_url: takumi-kasahara/dotfiles
    materialization_repo_url: takumi-kasahara/Dotfiles
    name: userstyles
    host: github.com
    resolved_commit: 0618dcb3bc0f5c8e6ed2d99f43352d942d2f6701
    version: unknown
    virtual_path: .apm/skills/userstyles
    is_virtual: true
    package_type: claude_skill
    deployed_files:
      - .agents/skills/userstyles
      - .agents/skills/userstyles/SKILL.md
    deployed_file_hashes:
      .agents/skills/userstyles/SKILL.md: sha256:7536d16103b92cee275defd5a100e1c7c5cb3d01a2909cb159bde0234fb7fa38
    content_hash: sha256:e5a975d1ddc110a0c720682e781002adcaeaed7749431143d49b815901b67520
deployments:
  - kind: project-relative
    target: copilot
    value: .agents/skills/userstyles
    runtime: null
    scope: project
    owners:
      - takumi-kasahara/dotfiles/.apm/skills/userstyles
    active_owner: takumi-kasahara/dotfiles/.apm/skills/userstyles
    content_hash: null
  - kind: project-relative
    target: copilot
    value: .agents/skills/userstyles/SKILL.md
    runtime: null
    scope: project
    owners:
      - takumi-kasahara/dotfiles/.apm/skills/userstyles
    active_owner: takumi-kasahara/dotfiles/.apm/skills/userstyles
    content_hash: sha256:7536d16103b92cee275defd5a100e1c7c5cb3d01a2909cb159bde0234fb7fa38
